
Microsoft Visual Studio Solution File, Format Version 12.00
# Visual Studio Version 17
VisualStudioVersion = 17.5.002.0
MinimumVisualStudioVersion = 10.0.40219.1
Project("{9A19103F-16F7-4668-BE54-9A1E7A4F7556}") = "api-dotnet", "api-dotnet.csproj", "{355F755D-070C-4970-BDAA-F9E03573B67C}"
EndProject
Global
	GlobalSection(SolutionConfigurationPlatforms) = preSolution
		Debug|Any CPU = Debug|Any CPU
		Release|Any CPU = Release|Any CPU
	EndGlobalSection
	GlobalSection(ProjectConfigurationPlatforms) = postSolution
		{355F755D-070C-4970-BDAA-F9E03573B67C}.Debug|Any CPU.ActiveCfg = Debug|Any CPU
		{355F755D-070C-4970-BDAA-F9E03573B67C}.Debug|Any CPU.Build.0 = Debug|Any CPU
		{355F755D-070C-4970-BDAA-F9E03573B67C}.Release|Any CPU.ActiveCfg = Release|Any CPU
		{355F755D-070C-4970-BDAA-F9E03573B67C}.Release|Any CPU.Build.0 = Release|Any CPU
	EndGlobalSection
	GlobalSection(SolutionProperties) = preSolution
		HideSolutionNode = FALSE
	EndGlobalSection
	GlobalSection(ExtensibilityGlobals) = postSolution
		SolutionGuid = {5DBF6246-E91E-44D1-8F56-25BEAB5A2983}
	EndGlobalSection
EndGlobal
